Microsoft Visual Studio Solution File, Format Version 12.00
# Visual Studio Version 17
VisualStudioVersion = 17.5.2.0
MinimumVisualStudioVersion = 10.0.40219.1
Project("{FAE04EC0-301F-11D3-BF4B-00C04F79EFBC}") = "WindowsAuthDemo", "WindowsAuthDemo.csproj", "{5C378C0C-491E-93D7-7960-66F6E6937CDC}"
EndProject
Global
	GlobalSection(SolutionConfigurationPlatforms) = preSolution
		Debug|Any CPU = Debug|Any CPU
		Release|Any CPU = Release|Any CPU
	EndGlobalSection
	GlobalSection(ProjectConfigurationPlatforms) = postSolution
		{5C378C0C-491E-93D7-7960-66F6E6937CDC}.Debug|Any CPU.ActiveCfg = Debug|Any CPU
		{5C378C0C-491E-93D7-7960-66F6E6937CDC}.Debug|Any CPU.Build.0 = Debug|Any CPU
		{5C378C0C-491E-93D7-7960-66F6E6937CDC}.Release|Any CPU.ActiveCfg = Release|Any CPU
		{5C378C0C-491E-93D7-7960-66F6E6937CDC}.Release|Any CPU.Build.0 = Release|Any CPU
	EndGlobalSection
	GlobalSection(SolutionProperties) = preSolution
		HideSolutionNode = FALSE
	EndGlobalSection
	GlobalSection(ExtensibilityGlobals) = postSolution
		SolutionGuid = {7B1DCB00-320F-4AB7-BCF2-5C22487A5135}
	EndGlobalSection
EndGlobal
